
Microsoft Visual Studio Solution File, Format Version 12.00
# Visual Studio Version 17
VisualStudioVersion = 17.4.33103.184
MinimumVisualStudioVersion = 10.0.40219.1
Project("{FAE04EC0-301F-11D3-BF4B-00C04F79EFBC}") = "testyGlobal", "testyGlobal\testyGlobal.csproj", "{542A4343-1E5A-446C-8A5C-706C2E88BF9E}"
EndProject
Project("{FAE04EC0-301F-11D3-BF4B-00C04F79EFBC}") = "unittestyGlobal", "unittestyGlobal\unittestyGlobal.csproj", "{9DECDF63-DF82-44EC-BB22-DD916B456DE2}"
EndProject
Global
	GlobalSection(SolutionConfigurationPlatforms) = preSolution
		Debug|Any CPU = Debug|Any CPU
		Release|Any CPU = Release|Any CPU
	EndGlobalSection
	GlobalSection(ProjectConfigurationPlatforms) = postSolution
		{542A4343-1E5A-446C-8A5C-706C2E88BF9E}.Debug|Any CPU.ActiveCfg = Debug|Any CPU
		{542A4343-1E5A-446C-8A5C-706C2E88BF9E}.Debug|Any CPU.Build.0 = Debug|Any CPU
		{542A4343-1E5A-446C-8A5C-706C2E88BF9E}.Release|Any CPU.ActiveCfg = Release|Any CPU
		{542A4343-1E5A-446C-8A5C-706C2E88BF9E}.Release|Any CPU.Build.0 = Release|Any CPU
		{9DECDF63-DF82-44EC-BB22-DD916B456DE2}.Debug|Any CPU.ActiveCfg = Debug|Any CPU
		{9DECDF63-DF82-44EC-BB22-DD916B456DE2}.Debug|Any CPU.Build.0 = Debug|Any CPU
		{9DECDF63-DF82-44EC-BB22-DD916B456DE2}.Release|Any CPU.ActiveCfg = Release|Any CPU
		{9DECDF63-DF82-44EC-BB22-DD916B456DE2}.Release|Any CPU.Build.0 = Release|Any CPU
	EndGlobalSection
	GlobalSection(SolutionProperties) = preSolution
		HideSolutionNode = FALSE
	EndGlobalSection
	GlobalSection(ExtensibilityGlobals) = postSolution
		SolutionGuid = {C3FF76E2-9A75-4630-8947-330E346F2E2C}
	EndGlobalSection
EndGlobal
